// !$*UTF8*$!
{
	archiveVersion = 1;
	classes = {
	};
	objectVersion = 50;
	objects = {

/* Begin PBXBuildFile section */
		70A8BE162272AD7E00BCC80C /* AppDelegate.m in Sources */ = {isa = PBXBuildFile; fileRef = 70A8BE152272AD7E00BCC80C /* AppDelegate.m */; };
		70A8BE192272AD7E00BCC80C /* ViewController.m in Sources */ = {isa = PBXBuildFile; fileRef = 70A8BE182272AD7E00BCC80C /* ViewController.m */; };
		70A8BE1C2272AD7E00BCC80C /* Main.storyboard in Resources */ = {isa = PBXBuildFile; fileRef = 70A8BE1A2272AD7E00BCC80C /* Main.storyboard */; };
		70A8BE1E2272AD8000BCC80C /* Assets.xcassets in Resources */ = {isa = PBXBuildFile; fileRef = 70A8BE1D2272AD8000BCC80C /* Assets.xcassets */; };
		70A8BE212272AD8000BCC80C /* LaunchScreen.storyboard in Resources */ = {isa = PBXBuildFile; fileRef = 70A8BE1F2272AD8000BCC80C /* LaunchScreen.storyboard */; };
		70A8BE242272AD8000BCC80C /* main.m in Sources */ = {isa = PBXBuildFile; fileRef = 70A8BE232272AD8000BCC80C /* main.m */; };
		70A8BEFF2272B81700BCC80C /* AnyDecodable.swift in Sources */ = {isa = PBXBuildFile; fileRef = 70A8BEAE2272B81700BCC80C /* AnyDecodable.swift */; };
		70A8BF002272B81700BCC80C /* AnyCodable.swift in Sources */ = {isa = PBXBuildFile; fileRef = 70A8BEAF2272B81700BCC80C /* AnyCodable.swift */; };
		70A8BF012272B81700BCC80C /* AnyEncodable.swift in Sources */ = {isa = PBXBuildFile; fileRef = 70A8BEB02272B81700BCC80C /* AnyEncodable.swift */; };
		70A8BF022272B81700BCC80C /* Crypto.swift in Sources */ = {isa = PBXBuildFile; fileRef = 70A8BEB32272B81700BCC80C /* Crypto.swift */; };
		70A8BF032272B81700BCC80C /* TransactionUtil.swift in Sources */ = {isa = PBXBuildFile; fileRef = 70A8BEB62272B81700BCC80C /* TransactionUtil.swift */; };
		70A8BF042272B81700BCC80C /* Transaction.swift in Sources */ = {isa = PBXBuildFile; fileRef = 70A8BEB72272B81700BCC80C /* Transaction.swift */; };
		70A8BF052272B81700BCC80C /* Contract.swift in Sources */ = {isa = PBXBuildFile; fileRef = 70A8BEB92272B81700BCC80C /* Contract.swift */; };
		70A8BF062272B81700BCC80C /* AccountUtil.swift in Sources */ = {isa = PBXBuildFile; fileRef = 70A8BEBB2272B81700BCC80C /* AccountUtil.swift */; };
		70A8BF072272B81700BCC80C /* ResourceUtil.swift in Sources */ = {isa = PBXBuildFile; fileRef = 70A8BEBD2272B81700BCC80C /* ResourceUtil.swift */; };
		70A8BF082272B81700BCC80C /* Currency.swift in Sources */ = {isa = PBXBuildFile; fileRef = 70A8BEBF2272B81700BCC80C /* Currency.swift */; };
		70A8BF092272B81700BCC80C /* Signature.swift in Sources */ = {isa = PBXBuildFile; fileRef = 70A8BEC12272B81700BCC80C /* Signature.swift */; };
		70A8BF0A2272B81700BCC80C /* ChainRouter.swift in Sources */ = {isa = PBXBuildFile; fileRef = 70A8BEC42272B81700BCC80C /* ChainRouter.swift */; };
		70A8BF0B2272B81700BCC80C /* EOSRPC+Chain.swift in Sources */ = {isa = PBXBuildFile; fileRef = 70A8BEC52272B81700BCC80C /* EOSRPC+Chain.swift */; };
		70A8BF0C2272B81700BCC80C /* EOSRPC+History.swift in Sources */ = {isa = PBXBuildFile; fileRef = 70A8BEC72272B81700BCC80C /* EOSRPC+History.swift */; };
		70A8BF0D2272B81700BCC80C /* HistoryRouter.swift in Sources */ = {isa = PBXBuildFile; fileRef = 70A8BEC82272B81700BCC80C /* HistoryRouter.swift */; };
		70A8BF0E2272B81700BCC80C /* EOSRPC.swift in Sources */ = {isa = PBXBuildFile; fileRef = 70A8BECA2272B81700BCC80C /* EOSRPC.swift */; };
		70A8BF0F2272B81700BCC80C /* BaseRouter.swift in Sources */ = {isa = PBXBuildFile; fileRef = 70A8BECB2272B81700BCC80C /* BaseRouter.swift */; };
		70A8BF102272B81700BCC80C /* KeyPair.swift in Sources */ = {isa = PBXBuildFile; fileRef = 70A8BECD2272B81700BCC80C /* KeyPair.swift */; };
		70A8BF112272B81700BCC80C /* PublicKey.swift in Sources */ = {isa = PBXBuildFile; fileRef = 70A8BECE2272B81700BCC80C /* PublicKey.swift */; };
		70A8BF122272B81700BCC80C /* PrivateKey.swift in Sources */ = {isa = PBXBuildFile; fileRef = 70A8BECF2272B81700BCC80C /* PrivateKey.swift */; };
		70A8BF132272B81700BCC80C /* ChainModels.swift in Sources */ = {isa = PBXBuildFile; fileRef = 70A8BED12272B81700BCC80C /* ChainModels.swift */; };
		70A8BF142272B81700BCC80C /* Error.swift in Sources */ = {isa = PBXBuildFile; fileRef = 70A8BED22272B81700BCC80C /* Error.swift */; };
		70A8BF152272B81700BCC80C /* SEWallet.swift in Sources */ = {isa = PBXBuildFile; fileRef = 70A8BED52272B81700BCC80C /* SEWallet.swift */; };
		70A8BF162272B81700BCC80C /* curve-specific.inc in Sources */ = {isa = PBXBuildFile; fileRef = 70A8BEDD2272B81700BCC80C /* curve-specific.inc */; };
		70A8BF172272B81700BCC80C /* platform-specific.inc in Sources */ = {isa = PBXBuildFile; fileRef = 70A8BEE62272B81700BCC80C /* platform-specific.inc */; };
		70A8BF182272B81700BCC80C /* secp256k1.table in Resources */ = {isa = PBXBuildFile; fileRef = 70A8BEE82272B81700BCC80C /* secp256k1.table */; };
		70A8BF192272B81700BCC80C /* bip39.c in Sources */ = {isa = PBXBuildFile; fileRef = 70A8BEF12272B81700BCC80C /* bip39.c */; };
		70A8BF1A2272B81700BCC80C /* hmac.c in Sources */ = {isa = PBXBuildFile; fileRef = 70A8BEF22272B81700BCC80C /* hmac.c */; };
		70A8BF1B2272B81700BCC80C /* sha2.c in Sources */ = {isa = PBXBuildFile; fileRef = 70A8BEF32272B81700BCC80C /* sha2.c */; };
		70A8BF1C2272B81700BCC80C /* rand.c in Sources */ = {isa = PBXBuildFile; fileRef = 70A8BEF42272B81700BCC80C /* rand.c */; };
		70A8BF1D2272B81700BCC80C /* curves.c in Sources */ = {isa = PBXBuildFile; fileRef = 70A8BEF52272B81700BCC80C /* curves.c */; };
		70A8BF1E2272B81700BCC80C /* secp256k1.c in Sources */ = {isa = PBXBuildFile; fileRef = 70A8BEF62272B81700BCC80C /* secp256k1.c */; };
		70A8BF1F2272B81700BCC80C /* bignum.c in Sources */ = {isa = PBXBuildFile; fileRef = 70A8BEF72272B81700BCC80C /* bignum.c */; };
		70A8BF202272B81700BCC80C /* ripemd160.c in Sources */ = {isa = PBXBuildFile; fileRef = 70A8BEF82272B81700BCC80C /* ripemd160.c */; };
		70A8BF212272B81700BCC80C /* uECC.c in Sources */ = {isa = PBXBuildFile; fileRef = 70A8BEF92272B81700BCC80C /* uECC.c */; };
		70A8BF222272B81700BCC80C /* bip32.c in Sources */ = {isa = PBXBuildFile; fileRef = 70A8BEFA2272B81700BCC80C /* bip32.c */; };
		70A8BF232272B81700BCC80C /* sha3.c in Sources */ = {isa = PBXBuildFile; fileRef = 70A8BEFB2272B81700BCC80C /* sha3.c */; };
		70A8BF242272B81700BCC80C /* base58.c in Sources */ = {isa = PBXBuildFile; fileRef = 70A8BEFC2272B81700BCC80C /* base58.c */; };
		70A8BF252272B81700BCC80C /* ecdsa.c in Sources */ = {isa = PBXBuildFile; fileRef = 70A8BEFD2272B81700BCC80C /* ecdsa.c */; };
		70A8BF262272B81700BCC80C /* pbkdf2.c in Sources */ = {isa = PBXBuildFile; fileRef = 70A8BEFE2272B81700BCC80C /* pbkdf2.c */; };
		70A8BF292272BB8300BCC80C /* EOSModel.m in Sources */ = {isa = PBXBuildFile; fileRef = 70A8BF282272BB8300BCC80C /* EOSModel.m */; };
/* End PBXBuildFile section */

/* Begin PBXFileReference section */
		70A8BE112272AD7E00BCC80C /* KFEOSTEST.app */ = {isa = PBXFileReference; explicitFileType = wrapper.application; includeInIndex = 0; path = KFEOSTEST.app; sourceTree = BUILT_PRODUCTS_DIR; };
		70A8BE142272AD7E00BCC80C /* AppDelegate.h */ = {isa = PBXFileReference; lastKnownFileType = sourcecode.c.h; path = AppDelegate.h; sourceTree = "<group>"; };
		70A8BE152272AD7E00BCC80C /* AppDelegate.m */ = {isa = PBXFileReference; lastKnownFileType = sourcecode.c.objc; path = AppDelegate.m; sourceTree = "<group>"; };
		70A8BE172272AD7E00BCC80C /* ViewController.h */ = {isa = PBXFileReference; lastKnownFileType = sourcecode.c.h; path = ViewController.h; sourceTree = "<group>"; };
		70A8BE182272AD7E00BCC80C /* ViewController.m */ = {isa = PBXFileReference; lastKnownFileType = sourcecode.c.objc; path = ViewController.m; sourceTree = "<group>"; };
		70A8BE1B2272AD7E00BCC80C /* Base */ = {isa = PBXFileReference; lastKnownFileType = file.storyboard; name = Base; path = Base.lproj/Main.storyboard; sourceTree = "<group>"; };
		70A8BE1D2272AD8000BCC80C /* Assets.xcassets */ = {isa = PBXFileReference; lastKnownFileType = folder.assetcatalog; path = Assets.xcassets; sourceTree = "<group>"; };
		70A8BE202272AD8000BCC80C /* Base */ = {isa = PBXFileReference; lastKnownFileType = file.storyboard; name = Base; path = Base.lproj/LaunchScreen.storyboard; sourceTree = "<group>"; };
		70A8BE222272AD8000BCC80C /* Info.plist */ = {isa = PBXFileReference; lastKnownFileType = text.plist.xml; path = Info.plist; sourceTree = "<group>"; };
		70A8BE232272AD8000BCC80C /* main.m */ = {isa = PBXFileReference; lastKnownFileType = sourcecode.c.objc; path = main.m; sourceTree = "<group>"; };
		70A8BEAE2272B81700BCC80C /* AnyDecodable.swift */ = {isa = PBXFileReference; fileEncoding = 4; lastKnownFileType = sourcecode.swift; path = AnyDecodable.swift; sourceTree = "<group>"; };
		70A8BEAF2272B81700BCC80C /* AnyCodable.swift */ = {isa = PBXFileReference; fileEncoding = 4; lastKnownFileType = sourcecode.swift; path = AnyCodable.swift; sourceTree = "<group>"; };
		70A8BEB02272B81700BCC80C /* AnyEncodable.swift */ = {isa = PBXFileReference; fileEncoding = 4; lastKnownFileType = sourcecode.swift; path = AnyEncodable.swift; sourceTree = "<group>"; };
		70A8BEB32272B81700BCC80C /* Crypto.swift */ = {isa = PBXFileReference; fileEncoding = 4; lastKnownFileType = sourcecode.swift; path = Crypto.swift; sourceTree = "<group>"; };
		70A8BEB62272B81700BCC80C /* TransactionUtil.swift */ = {isa = PBXFileReference; fileEncoding = 4; lastKnownFileType = sourcecode.swift; path = TransactionUtil.swift; sourceTree = "<group>"; };
		70A8BEB72272B81700BCC80C /* Transaction.swift */ = {isa = PBXFileReference; fileEncoding = 4; lastKnownFileType = sourcecode.swift; path = Transaction.swift; sourceTree = "<group>"; };
		70A8BEB92272B81700BCC80C /* Contract.swift */ = {isa = PBXFileReference; fileEncoding = 4; lastKnownFileType = sourcecode.swift; path = Contract.swift; sourceTree = "<group>"; };
		70A8BEBB2272B81700BCC80C /* AccountUtil.swift */ = {isa = PBXFileReference; fileEncoding = 4; lastKnownFileType = sourcecode.swift; path = AccountUtil.swift; sourceTree = "<group>"; };
		70A8BEBD2272B81700BCC80C /* ResourceUtil.swift */ = {isa = PBXFileReference; fileEncoding = 4; lastKnownFileType = sourcecode.swift; path = ResourceUtil.swift; sourceTree = "<group>"; };
		70A8BEBF2272B81700BCC80C /* Currency.swift */ = {isa = PBXFileReference; fileEncoding = 4; lastKnownFileType = sourcecode.swift; path = Currency.swift; sourceTree = "<group>"; };
		70A8BEC12272B81700BCC80C /* Signature.swift */ = {isa = PBXFileReference; fileEncoding = 4; lastKnownFileType = sourcecode.swift; path = Signature.swift; sourceTree = "<group>"; };
		70A8BEC42272B81700BCC80C /* ChainRouter.swift */ = {isa = PBXFileReference; fileEncoding = 4; lastKnownFileType = sourcecode.swift; path = ChainRouter.swift; sourceTree = "<group>"; };
		70A8BEC52272B81700BCC80C /* EOSRPC+Chain.swift */ = {isa = PBXFileReference; fileEncoding = 4; lastKnownFileType = sourcecode.swift; path = "EOSRPC+Chain.swift"; sourceTree = "<group>"; };
		70A8BEC72272B81700BCC80C /* EOSRPC+History.swift */ = {isa = PBXFileReference; fileEncoding = 4; lastKnownFileType = sourcecode.swift; path = "EOSRPC+History.swift"; sourceTree = "<group>"; };
		70A8BEC82272B81700BCC80C /* HistoryRouter.swift */ = {isa = PBXFileReference; fileEncoding = 4; lastKnownFileType = sourcecode.swift; path = HistoryRouter.swift; sourceTree = "<group>"; };
		70A8BECA2272B81700BCC80C /* EOSRPC.swift */ = {isa = PBXFileReference; fileEncoding = 4; lastKnownFileType = sourcecode.swift; path = EOSRPC.swift; sourceTree = "<group>"; };
		70A8BECB2272B81700BCC80C /* BaseRouter.swift */ = {isa = PBXFileReference; fileEncoding = 4; lastKnownFileType = sourcecode.swift; path = BaseRouter.swift; sourceTree = "<group>"; };
		70A8BECD2272B81700BCC80C /* KeyPair.swift */ = {isa = PBXFileReference; fileEncoding = 4; lastKnownFileType = sourcecode.swift; path = KeyPair.swift; sourceTree = "<group>"; };
		70A8BECE2272B81700BCC80C /* PublicKey.swift */ = {isa = PBXFileReference; fileEncoding = 4; lastKnownFileType = sourcecode.swift; path = PublicKey.swift; sourceTree = "<group>"; };
		70A8BECF2272B81700BCC80C /* PrivateKey.swift */ = {isa = PBXFileReference; fileEncoding = 4; lastKnownFileType = sourcecode.swift; path = PrivateKey.swift; sourceTree = "<group>"; };
		70A8BED12272B81700BCC80C /* ChainModels.swift */ = {isa = PBXFileReference; fileEncoding = 4; lastKnownFileType = sourcecode.swift; path = ChainModels.swift; sourceTree = "<group>"; };
		70A8BED22272B81700BCC80C /* Error.swift */ = {isa = PBXFileReference; fileEncoding = 4; lastKnownFileType = sourcecode.swift; path = Error.swift; sourceTree = "<group>"; };
		70A8BED52272B81700BCC80C /* SEWallet.swift */ = {isa = PBXFileReference; fileEncoding = 4; lastKnownFileType = sourcecode.swift; path = SEWallet.swift; sourceTree = "<group>"; };
		70A8BED82272B81700BCC80C /* uECC.h */ = {isa = PBXFileReference; fileEncoding = 4; lastKnownFileType = sourcecode.c.h; path = uECC.h; sourceTree = "<group>"; };
		70A8BED92272B81700BCC80C /* ripemd160.h */ = {isa = PBXFileReference; fileEncoding = 4; lastKnownFileType = sourcecode.c.h; path = ripemd160.h; sourceTree = "<group>"; };
		70A8BEDA2272B81700BCC80C /* asm_arm.inc.h */ = {isa = PBXFileReference; fileEncoding = 4; lastKnownFileType = sourcecode.c.h; path = asm_arm.inc.h; sourceTree = "<group>"; };
		70A8BEDB2272B81700BCC80C /* uECC_vli.h */ = {isa = PBXFileReference; fileEncoding = 4; lastKnownFileType = sourcecode.c.h; path = uECC_vli.h; sourceTree = "<group>"; };
		70A8BEDC2272B81700BCC80C /* libbase58.h */ = {isa = PBXFileReference; fileEncoding = 4; lastKnownFileType = sourcecode.c.h; path = libbase58.h; sourceTree = "<group>"; };
		70A8BEDD2272B81700BCC80C /* curve-specific.inc */ = {isa = PBXFileReference; fileEncoding = 4; lastKnownFileType = sourcecode.pascal; path = "curve-specific.inc"; sourceTree = "<group>"; };
		70A8BEDE2272B81700BCC80C /* types.h */ = {isa = PBXFileReference; fileEncoding = 4; lastKnownFileType = sourcecode.c.h; path = types.h; sourceTree = "<group>"; };
		70A8BEDF2272B81700BCC80C /* sha3.h */ = {isa = PBXFileReference; fileEncoding = 4; lastKnownFileType = sourcecode.c.h; path = sha3.h; sourceTree = "<group>"; };
		70A8BEE02272B81700BCC80C /* bip32.h */ = {isa = PBXFileReference; fileEncoding = 4; lastKnownFileType = sourcecode.c.h; path = bip32.h; sourceTree = "<group>"; };
		70A8BEE12272B81700BCC80C /* ecdsa.h */ = {isa = PBXFileReference; fileEncoding = 4; lastKnownFileType = sourcecode.c.h; path = ecdsa.h; sourceTree = "<group>"; };
		70A8BEE22272B81700BCC80C /* pbkdf2.h */ = {isa = PBXFileReference; fileEncoding = 4; lastKnownFileType = sourcecode.c.h; path = pbkdf2.h; sourceTree = "<group>"; };
		70A8BEE32272B81700BCC80C /* options.h */ = {isa = PBXFileReference; fileEncoding = 4; lastKnownFileType = sourcecode.c.h; path = options.h; sourceTree = "<group>"; };
		70A8BEE42272B81700BCC80C /* bip39_english.h */ = {isa = PBXFileReference; fileEncoding = 4; lastKnownFileType = sourcecode.c.h; path = bip39_english.h; sourceTree = "<group>"; };
		70A8BEE52272B81700BCC80C /* sha2.h */ = {isa = PBXFileReference; fileEncoding = 4; lastKnownFileType = sourcecode.c.h; path = sha2.h; sourceTree = "<group>"; };
		70A8BEE62272B81700BCC80C /* platform-specific.inc */ = {isa = PBXFileReference; fileEncoding = 4; lastKnownFileType = sourcecode.pascal; path = "platform-specific.inc"; sourceTree = "<group>"; };
		70A8BEE72272B81700BCC80C /* hmac.h */ = {isa = PBXFileReference; fileEncoding = 4; lastKnownFileType = sourcecode.c.h; path = hmac.h; sourceTree = "<group>"; };
		70A8BEE82272B81700BCC80C /* secp256k1.table */ = {isa = PBXFileReference; fileEncoding = 4; lastKnownFileType = text; path = secp256k1.table; sourceTree = "<group>"; };
		70A8BEE92272B81700BCC80C /* bip39.h */ = {isa = PBXFileReference; fileEncoding = 4; lastKnownFileType = sourcecode.c.h; path = bip39.h; sourceTree = "<group>"; };
		70A8BEEA2272B81700BCC80C /* macros.h */ = {isa = PBXFileReference; fileEncoding = 4; lastKnownFileType = sourcecode.c.h; path = macros.h; sourceTree = "<group>"; };
		70A8BEEB2272B81700BCC80C /* rand.h */ = {isa = PBXFileReference; fileEncoding = 4; lastKnownFileType = sourcecode.c.h; path = rand.h; sourceTree = "<group>"; };
		70A8BEEC2272B81700BCC80C /* curves.h */ = {isa = PBXFileReference; fileEncoding = 4; lastKnownFileType = sourcecode.c.h; path = curves.h; sourceTree = "<group>"; };
		70A8BEED2272B81700BCC80C /* bignum.h */ = {isa = PBXFileReference; fileEncoding = 4; lastKnownFileType = sourcecode.c.h; path = bignum.h; sourceTree = "<group>"; };
		70A8BEEE2272B81700BCC80C /* secp256k1.h */ = {isa = PBXFileReference; fileEncoding = 4; lastKnownFileType = sourcecode.c.h; path = secp256k1.h; sourceTree = "<group>"; };
		70A8BEEF2272B81700BCC80C /* Bridging-Header.h */ = {isa = PBXFileReference; fileEncoding = 4; lastKnownFileType = sourcecode.c.h; path = "Bridging-Header.h"; sourceTree = "<group>"; };
		70A8BEF12272B81700BCC80C /* bip39.c */ = {isa = PBXFileReference; fileEncoding = 4; lastKnownFileType = sourcecode.c.c; path = bip39.c; sourceTree = "<group>"; };
		70A8BEF22272B81700BCC80C /* hmac.c */ = {isa = PBXFileReference; fileEncoding = 4; lastKnownFileType = sourcecode.c.c; path = hmac.c; sourceTree = "<group>"; };
		70A8BEF32272B81700BCC80C /* sha2.c */ = {isa = PBXFileReference; fileEncoding = 4; lastKnownFileType = sourcecode.c.c; path = sha2.c; sourceTree = "<group>"; };
		70A8BEF42272B81700BCC80C /* rand.c */ = {isa = PBXFileReference; fileEncoding = 4; lastKnownFileType = sourcecode.c.c; path = rand.c; sourceTree = "<group>"; };
		70A8BEF52272B81700BCC80C /* curves.c */ = {isa = PBXFileReference; fileEncoding = 4; lastKnownFileType = sourcecode.c.c; path = curves.c; sourceTree = "<group>"; };
		70A8BEF62272B81700BCC80C /* secp256k1.c */ = {isa = PBXFileReference; fileEncoding = 4; lastKnownFileType = sourcecode.c.c; path = secp256k1.c; sourceTree = "<group>"; };
		70A8BEF72272B81700BCC80C /* bignum.c */ = {isa = PBXFileReference; fileEncoding = 4; lastKnownFileType = sourcecode.c.c; path = bignum.c; sourceTree = "<group>"; };
		70A8BEF82272B81700BCC80C /* ripemd160.c */ = {isa = PBXFileReference; fileEncoding = 4; lastKnownFileType = sourcecode.c.c; path = ripemd160.c; sourceTree = "<group>"; };
		70A8BEF92272B81700BCC80C /* uECC.c */ = {isa = PBXFileReference; fileEncoding = 4; lastKnownFileType = sourcecode.c.c; path = uECC.c; sourceTree = "<group>"; };
		70A8BEFA2272B81700BCC80C /* bip32.c */ = {isa = PBXFileReference; fileEncoding = 4; lastKnownFileType = sourcecode.c.c; path = bip32.c; sourceTree = "<group>"; };
		70A8BEFB2272B81700BCC80C /* sha3.c */ = {isa = PBXFileReference; fileEncoding = 4; lastKnownFileType = sourcecode.c.c; path = sha3.c; sourceTree = "<group>"; };
		70A8BEFC2272B81700BCC80C /* base58.c */ = {isa = PBXFileReference; fileEncoding = 4; lastKnownFileType = sourcecode.c.c; path = base58.c; sourceTree = "<group>"; };
		70A8BEFD2272B81700BCC80C /* ecdsa.c */ = {isa = PBXFileReference; fileEncoding = 4; lastKnownFileType = sourcecode.c.c; path = ecdsa.c; sourceTree = "<group>"; };
		70A8BEFE2272B81700BCC80C /* pbkdf2.c */ = {isa = PBXFileReference; fileEncoding = 4; lastKnownFileType = sourcecode.c.c; path = pbkdf2.c; sourceTree = "<group>"; };
		70A8BF272272BB8200BCC80C /* EOSModel.h */ = {isa = PBXFileReference; fileEncoding = 4; lastKnownFileType = sourcecode.c.h; path = EOSModel.h; sourceTree = "<group>"; };
		70A8BF282272BB8300BCC80C /* EOSModel.m */ = {isa = PBXFileReference; fileEncoding = 4; lastKnownFileType = sourcecode.c.objc; path = EOSModel.m; sourceTree = "<group>"; };
/* End PBXFileReference section */

/* Begin PBXFrameworksBuildPhase section */
		70A8BE0E2272AD7E00BCC80C /* Frameworks */ = {
			isa = PBXFrameworksBuildPhase;
			buildActionMask = 2147483647;
			files = (
			);
			runOnlyForDeploymentPostprocessing = 0;
		};
/* End PBXFrameworksBuildPhase section */

/* Begin PBXGroup section */
		70A8BE082272AD7E00BCC80C = {
			isa = PBXGroup;
			children = (
				70A8BE132272AD7E00BCC80C /* KFEOSTEST */,
				70A8BE122272AD7E00BCC80C /* Products */,
			);
			sourceTree = "<group>";
		};
		70A8BE122272AD7E00BCC80C /* Products */ = {
			isa = PBXGroup;
			children = (
				70A8BE112272AD7E00BCC80C /* KFEOSTEST.app */,
			);
			name = Products;
			sourceTree = "<group>";
		};
		70A8BE132272AD7E00BCC80C /* KFEOSTEST */ = {
			isa = PBXGroup;
			children = (
				70A8BED62272B81700BCC80C /* Libraries */,
				70A8BEAC2272B81700BCC80C /* Sources */,
				70A8BE142272AD7E00BCC80C /* AppDelegate.h */,
				70A8BE152272AD7E00BCC80C /* AppDelegate.m */,
				70A8BE172272AD7E00BCC80C /* ViewController.h */,
				70A8BE182272AD7E00BCC80C /* ViewController.m */,
				70A8BE1A2272AD7E00BCC80C /* Main.storyboard */,
				70A8BE1D2272AD8000BCC80C /* Assets.xcassets */,
				70A8BE1F2272AD8000BCC80C /* LaunchScreen.storyboard */,
				70A8BE222272AD8000BCC80C /* Info.plist */,
				70A8BE232272AD8000BCC80C /* main.m */,
			);
			path = KFEOSTEST;
			sourceTree = "<group>";
		};
		70A8BEAC2272B81700BCC80C /* Sources */ = {
			isa = PBXGroup;
			children = (
				70A8BEAD2272B81700BCC80C /* AnyCodable */,
				70A8BEB12272B81700BCC80C /* SwiftyEOS */,
				70A8BED32272B81700BCC80C /* Utils */,
			);
			name = Sources;
			path = KFEOSSDK/Sources;
			sourceTree = "<group>";
		};
		70A8BEAD2272B81700BCC80C /* AnyCodable */ = {
			isa = PBXGroup;
			children = (
				70A8BEAE2272B81700BCC80C /* AnyDecodable.swift */,
				70A8BEAF2272B81700BCC80C /* AnyCodable.swift */,
				70A8BEB02272B81700BCC80C /* AnyEncodable.swift */,
			);
			path = AnyCodable;
			sourceTree = "<group>";
		};
		70A8BEB12272B81700BCC80C /* SwiftyEOS */ = {
			isa = PBXGroup;
			children = (
				70A8BEB22272B81700BCC80C /* Crypto */,
				70A8BEB42272B81700BCC80C /* Contract */,
				70A8BEC02272B81700BCC80C /* Signature */,
				70A8BEC22272B81700BCC80C /* Network */,
				70A8BECC2272B81700BCC80C /* Key */,
				70A8BED02272B81700BCC80C /* Models */,
			);
			path = SwiftyEOS;
			sourceTree = "<group>";
		};
		70A8BEB22272B81700BCC80C /* Crypto */ = {
			isa = PBXGroup;
			children = (
				70A8BEB32272B81700BCC80C /* Crypto.swift */,
			);
			path = Crypto;
			sourceTree = "<group>";
		};
		70A8BEB42272B81700BCC80C /* Contract */ = {
			isa = PBXGroup;
			children = (
				70A8BEB52272B81700BCC80C /* transaction */,
				70A8BEB82272B81700BCC80C /* contract */,
				70A8BEBA2272B81700BCC80C /* account */,
				70A8BEBC2272B81700BCC80C /* resource */,
				70A8BEBE2272B81700BCC80C /* currency */,
			);
			path = Contract;
			sourceTree = "<group>";
		};
		70A8BEB52272B81700BCC80C /* transaction */ = {
			isa = PBXGroup;
			children = (
				70A8BEB62272B81700BCC80C /* TransactionUtil.swift */,
				70A8BEB72272B81700BCC80C /* Transaction.swift */,
			);
			path = transaction;
			sourceTree = "<group>";
		};
		70A8BEB82272B81700BCC80C /* contract */ = {
			isa = PBXGroup;
			children = (
				70A8BEB92272B81700BCC80C /* Contract.swift */,
			);
			path = contract;
			sourceTree = "<group>";
		};
		70A8BEBA2272B81700BCC80C /* account */ = {
			isa = PBXGroup;
			children = (
				70A8BEBB2272B81700BCC80C /* AccountUtil.swift */,
			);
			path = account;
			sourceTree = "<group>";
		};
		70A8BEBC2272B81700BCC80C /* resource */ = {
			isa = PBXGroup;
			children = (
				70A8BEBD2272B81700BCC80C /* ResourceUtil.swift */,
			);
			path = resource;
			sourceTree = "<group>";
		};
		70A8BEBE2272B81700BCC80C /* currency */ = {
			isa = PBXGroup;
			children = (
				70A8BEBF2272B81700BCC80C /* Currency.swift */,
			);
			path = currency;
			sourceTree = "<group>";
		};
		70A8BEC02272B81700BCC80C /* Signature */ = {
			isa = PBXGroup;
			children = (
				70A8BEC12272B81700BCC80C /* Signature.swift */,
			);
			path = Signature;
			sourceTree = "<group>";
		};
		70A8BEC22272B81700BCC80C /* Network */ = {
			isa = PBXGroup;
			children = (
				70A8BEC32272B81700BCC80C /* Chain */,
				70A8BEC62272B81700BCC80C /* History */,
				70A8BEC92272B81700BCC80C /* Base */,
			);
			path = Network;
			sourceTree = "<group>";
		};
		70A8BEC32272B81700BCC80C /* Chain */ = {
			isa = PBXGroup;
			children = (
				70A8BEC42272B81700BCC80C /* ChainRouter.swift */,
				70A8BEC52272B81700BCC80C /* EOSRPC+Chain.swift */,
			);
			path = Chain;
			sourceTree = "<group>";
		};
		70A8BEC62272B81700BCC80C /* History */ = {
			isa = PBXGroup;
			children = (
				70A8BEC72272B81700BCC80C /* EOSRPC+History.swift */,
				70A8BEC82272B81700BCC80C /* HistoryRouter.swift */,
			);
			path = History;
			sourceTree = "<group>";
		};
		70A8BEC92272B81700BCC80C /* Base */ = {
			isa = PBXGroup;
			children = (
				70A8BECA2272B81700BCC80C /* EOSRPC.swift */,
				70A8BECB2272B81700BCC80C /* BaseRouter.swift */,
			);
			path = Base;
			sourceTree = "<group>";
		};
		70A8BECC2272B81700BCC80C /* Key */ = {
			isa = PBXGroup;
			children = (
				70A8BECD2272B81700BCC80C /* KeyPair.swift */,
				70A8BECE2272B81700BCC80C /* PublicKey.swift */,
				70A8BECF2272B81700BCC80C /* PrivateKey.swift */,
			);
			path = Key;
			sourceTree = "<group>";
		};
		70A8BED02272B81700BCC80C /* Models */ = {
			isa = PBXGroup;
			children = (
				70A8BED12272B81700BCC80C /* ChainModels.swift */,
				70A8BED22272B81700BCC80C /* Error.swift */,
			);
			path = Models;
			sourceTree = "<group>";
		};
		70A8BED32272B81700BCC80C /* Utils */ = {
			isa = PBXGroup;
			children = (
				70A8BED42272B81700BCC80C /* iOS */,
			);
			path = Utils;
			sourceTree = "<group>";
		};
		70A8BED42272B81700BCC80C /* iOS */ = {
			isa = PBXGroup;
			children = (
				70A8BED52272B81700BCC80C /* SEWallet.swift */,
			);
			path = iOS;
			sourceTree = "<group>";
		};
		70A8BED62272B81700BCC80C /* Libraries */ = {
			isa = PBXGroup;
			children = (
				70A8BF272272BB8200BCC80C /* EOSModel.h */,
				70A8BF282272BB8300BCC80C /* EOSModel.m */,
				70A8BED72272B81700BCC80C /* include */,
				70A8BEEF2272B81700BCC80C /* Bridging-Header.h */,
				70A8BEF02272B81700BCC80C /* src */,
			);
			name = Libraries;
			path = KFEOSSDK/Libraries;
			sourceTree = "<group>";
		};
		70A8BED72272B81700BCC80C /* include */ = {
			isa = PBXGroup;
			children = (
				70A8BED82272B81700BCC80C /* uECC.h */,
				70A8BED92272B81700BCC80C /* ripemd160.h */,
				70A8BEDA2272B81700BCC80C /* asm_arm.inc.h */,
				70A8BEDB2272B81700BCC80C /* uECC_vli.h */,
				70A8BEDC2272B81700BCC80C /* libbase58.h */,
				70A8BEDD2272B81700BCC80C /* curve-specific.inc */,
				70A8BEDE2272B81700BCC80C /* types.h */,
				70A8BEDF2272B81700BCC80C /* sha3.h */,
				70A8BEE02272B81700BCC80C /* bip32.h */,
				70A8BEE12272B81700BCC80C /* ecdsa.h */,
				70A8BEE22272B81700BCC80C /* pbkdf2.h */,
				70A8BEE32272B81700BCC80C /* options.h */,
				70A8BEE42272B81700BCC80C /* bip39_english.h */,
				70A8BEE52272B81700BCC80C /* sha2.h */,
				70A8BEE62272B81700BCC80C /* platform-specific.inc */,
				70A8BEE72272B81700BCC80C /* hmac.h */,
				70A8BEE82272B81700BCC80C /* secp256k1.table */,
				70A8BEE92272B81700BCC80C /* bip39.h */,
				70A8BEEA2272B81700BCC80C /* macros.h */,
				70A8BEEB2272B81700BCC80C /* rand.h */,
				70A8BEEC2272B81700BCC80C /* curves.h */,
				70A8BEED2272B81700BCC80C /* bignum.h */,
				70A8BEEE2272B81700BCC80C /* secp256k1.h */,
			);
			path = include;
			sourceTree = "<group>";
		};
		70A8BEF02272B81700BCC80C /* src */ = {
			isa = PBXGroup;
			children = (
				70A8BEF12272B81700BCC80C /* bip39.c */,
				70A8BEF22272B81700BCC80C /* hmac.c */,
				70A8BEF32272B81700BCC80C /* sha2.c */,
				70A8BEF42272B81700BCC80C /* rand.c */,
				70A8BEF52272B81700BCC80C /* curves.c */,
				70A8BEF62272B81700BCC80C /* secp256k1.c */,
				70A8BEF72272B81700BCC80C /* bignum.c */,
				70A8BEF82272B81700BCC80C /* ripemd160.c */,
				70A8BEF92272B81700BCC80C /* uECC.c */,
				70A8BEFA2272B81700BCC80C /* bip32.c */,
				70A8BEFB2272B81700BCC80C /* sha3.c */,
				70A8BEFC2272B81700BCC80C /* base58.c */,
				70A8BEFD2272B81700BCC80C /* ecdsa.c */,
				70A8BEFE2272B81700BCC80C /* pbkdf2.c */,
			);
			path = src;
			sourceTree = "<group>";
		};
/* End PBXGroup section */

/* Begin PBXNativeTarget section */
		70A8BE102272AD7E00BCC80C /* KFEOSTEST */ = {
			isa = PBXNativeTarget;
			buildConfigurationList = 70A8BE272272AD8000BCC80C /* Build configuration list for PBXNativeTarget "KFEOSTEST" */;
			buildPhases = (
				70A8BE0D2272AD7E00BCC80C /* Sources */,
				70A8BE0E2272AD7E00BCC80C /* Frameworks */,
				70A8BE0F2272AD7E00BCC80C /* Resources */,
			);
			buildRules = (
			);
			dependencies = (
			);
			name = KFEOSTEST;
			productName = KFEOSTEST;
			productReference = 70A8BE112272AD7E00BCC80C /* KFEOSTEST.app */;
			productType = "com.apple.product-type.application";
		};
/* End PBXNativeTarget section */

/* Begin PBXProject section */
		70A8BE092272AD7E00BCC80C /* Project object */ = {
			isa = PBXProject;
			attributes = {
				LastUpgradeCheck = 1020;
				ORGANIZATIONNAME = "G 几点";
				TargetAttributes = {
					70A8BE102272AD7E00BCC80C = {
						CreatedOnToolsVersion = 10.2;
					};
				};
			};
			buildConfigurationList = 70A8BE0C2272AD7E00BCC80C /* Build configuration list for PBXProject "KFEOSTEST" */;
			compatibilityVersion = "Xcode 9.3";
			developmentRegion = en;
			hasScannedForEncodings = 0;
			knownRegions = (
				en,
				Base,
			);
			mainGroup = 70A8BE082272AD7E00BCC80C;
			productRefGroup = 70A8BE122272AD7E00BCC80C /* Products */;
			projectDirPath = "";
			projectRoot = "";
			targets = (
				70A8BE102272AD7E00BCC80C /* KFEOSTEST */,
			);
		};
/* End PBXProject section */

/* Begin PBXResourcesBuildPhase section */
		70A8BE0F2272AD7E00BCC80C /* Resources */ = {
			isa = PBXResourcesBuildPhase;
			buildActionMask = 2147483647;
			files = (
				70A8BE212272AD8000BCC80C /* LaunchScreen.storyboard in Resources */,
				70A8BF182272B81700BCC80C /* secp256k1.table in Resources */,
				70A8BE1E2272AD8000BCC80C /* Assets.xcassets in Resources */,
				70A8BE1C2272AD7E00BCC80C /* Main.storyboard in Resources */,
			);
			runOnlyForDeploymentPostprocessing = 0;
		};
/* End PBXResourcesBuildPhase section */

/* Begin PBXSourcesBuildPhase section */
		70A8BE0D2272AD7E00BCC80C /* Sources */ = {
			isa = PBXSourcesBuildPhase;
			buildActionMask = 2147483647;
			files = (
				70A8BF0A2272B81700BCC80C /* ChainRouter.swift in Sources */,
				70A8BF242272B81700BCC80C /* base58.c in Sources */,
				70A8BF212272B81700BCC80C /* uECC.c in Sources */,
				70A8BF022272B81700BCC80C /* Crypto.swift in Sources */,
				70A8BF162272B81700BCC80C /* curve-specific.inc in Sources */,
				70A8BF152272B81700BCC80C /* SEWallet.swift in Sources */,
				70A8BF112272B81700BCC80C /* PublicKey.swift in Sources */,
				70A8BF1B2272B81700BCC80C /* sha2.c in Sources */,
				70A8BF0D2272B81700BCC80C /* HistoryRouter.swift in Sources */,
				70A8BF202272B81700BCC80C /* ripemd160.c in Sources */,
				70A8BF1D2272B81700BCC80C /* curves.c in Sources */,
				70A8BE192272AD7E00BCC80C /* ViewController.m in Sources */,
				70A8BF092272B81700BCC80C /* Signature.swift in Sources */,
				70A8BF192272B81700BCC80C /* bip39.c in Sources */,
				70A8BF172272B81700BCC80C /* platform-specific.inc in Sources */,
				70A8BE242272AD8000BCC80C /* main.m in Sources */,
				70A8BF042272B81700BCC80C /* Transaction.swift in Sources */,
				70A8BF292272BB8300BCC80C /* EOSModel.m in Sources */,
				70A8BF072272B81700BCC80C /* ResourceUtil.swift in Sources */,
				70A8BF222272B81700BCC80C /* bip32.c in Sources */,
				70A8BF032272B81700BCC80C /* TransactionUtil.swift in Sources */,
				70A8BF052272B81700BCC80C /* Contract.swift in Sources */,
				70A8BF012272B81700BCC80C /* AnyEncodable.swift in Sources */,
				70A8BF1F2272B81700BCC80C /* bignum.c in Sources */,
				70A8BE162272AD7E00BCC80C /* AppDelegate.m in Sources */,
				70A8BF1C2272B81700BCC80C /* rand.c in Sources */,
				70A8BF102272B81700BCC80C /* KeyPair.swift in Sources */,
				70A8BF0C2272B81700BCC80C /* EOSRPC+History.swift in Sources */,
				70A8BF142272B81700BCC80C /* Error.swift in Sources */,
				70A8BEFF2272B81700BCC80C /* AnyDecodable.swift in Sources */,
				70A8BF252272B81700BCC80C /* ecdsa.c in Sources */,
				70A8BF0B2272B81700BCC80C /* EOSRPC+Chain.swift in Sources */,
				70A8BF232272B81700BCC80C /* sha3.c in Sources */,
				70A8BF0F2272B81700BCC80C /* BaseRouter.swift in Sources */,
				70A8BF002272B81700BCC80C /* AnyCodable.swift in Sources */,
				70A8BF082272B81700BCC80C /* Currency.swift in Sources */,
				70A8BF062272B81700BCC80C /* AccountUtil.swift in Sources */,
				70A8BF1E2272B81700BCC80C /* secp256k1.c in Sources */,
				70A8BF262272B81700BCC80C /* pbkdf2.c in Sources */,
				70A8BF132272B81700BCC80C /* ChainModels.swift in Sources */,
				70A8BF0E2272B81700BCC80C /* EOSRPC.swift in Sources */,
				70A8BF122272B81700BCC80C /* PrivateKey.swift in Sources */,
				70A8BF1A2272B81700BCC80C /* hmac.c in Sources */,
			);
			runOnlyForDeploymentPostprocessing = 0;
		};
/* End PBXSourcesBuildPhase section */

/* Begin PBXVariantGroup section */
		70A8BE1A2272AD7E00BCC80C /* Main.storyboard */ = {
			isa = PBXVariantGroup;
			children = (
				70A8BE1B2272AD7E00BCC80C /* Base */,
			);
			name = Main.storyboard;
			sourceTree = "<group>";
		};
		70A8BE1F2272AD8000BCC80C /* LaunchScreen.storyboard */ = {
			isa = PBXVariantGroup;
			children = (
				70A8BE202272AD8000BCC80C /* Base */,
			);
			name = LaunchScreen.storyboard;
			sourceTree = "<group>";
		};
/* End PBXVariantGroup section */

/* Begin XCBuildConfiguration section */
		70A8BE252272AD8000BCC80C /* Debug */ = {
			isa = XCBuildConfiguration;
			buildSettings = {
				ALWAYS_SEARCH_USER_PATHS = NO;
				CLANG_ANALYZER_NONNULL = YES;
				CLANG_ANALYZER_NUMBER_OBJECT_CONVERSION = YES_AGGRESSIVE;
				CLANG_CXX_LANGUAGE_STANDARD = "gnu++14";
				CLANG_CXX_LIBRARY = "libc++";
				CLANG_ENABLE_MODULES = YES;
				CLANG_ENABLE_OBJC_ARC = YES;
				CLANG_ENABLE_OBJC_WEAK = YES;
				CLANG_WARN_BLOCK_CAPTURE_AUTORELEASING = YES;
				CLANG_WARN_BOOL_CONVERSION = YES;
				CLANG_WARN_COMMA = YES;
				CLANG_WARN_CONSTANT_CONVERSION = YES;
				CLANG_WARN_DEPRECATED_OBJC_IMPLEMENTATIONS = YES;
				CLANG_WARN_DIRECT_OBJC_ISA_USAGE = YES_ERROR;
				CLANG_WARN_DOCUMENTATION_COMMENTS = YES;
				CLANG_WARN_EMPTY_BODY = YES;
				CLANG_WARN_ENUM_CONVERSION = YES;
				CLANG_WARN_INFINITE_RECURSION = YES;
				CLANG_WARN_INT_CONVERSION = YES;
				CLANG_WARN_NON_LITERAL_NULL_CONVERSION = YES;
				CLANG_WARN_OBJC_IMPLICIT_RETAIN_SELF = YES;
				CLANG_WARN_OBJC_LITERAL_CONVERSION = YES;
				CLANG_WARN_OBJC_ROOT_CLASS = YES_ERROR;
				CLANG_WARN_RANGE_LOOP_ANALYSIS = YES;
				CLANG_WARN_STRICT_PROTOTYPES = YES;
				CLANG_WARN_SUSPICIOUS_MOVE = YES;
				CLANG_WARN_UNGUARDED_AVAILABILITY = YES_AGGRESSIVE;
				CLANG_WARN_UNREACHABLE_CODE = YES;
				CLANG_WARN__DUPLICATE_METHOD_MATCH = YES;
				CODE_SIGN_IDENTITY = "iPhone Developer";
				COPY_PHASE_STRIP = NO;
				DEBUG_INFORMATION_FORMAT = dwarf;
				ENABLE_STRICT_OBJC_MSGSEND = YES;
				ENABLE_TESTABILITY = YES;
				GCC_C_LANGUAGE_STANDARD = gnu11;
				GCC_DYNAMIC_NO_PIC = NO;
				GCC_NO_COMMON_BLOCKS = YES;
				GCC_OPTIMIZATION_LEVEL = 0;
				GCC_PREPROCESSOR_DEFINITIONS = (
					"DEBUG=1",
					"$(inherited)",
				);
				GCC_WARN_64_TO_32_BIT_CONVERSION = YES;
				GCC_WARN_ABOUT_RETURN_TYPE = YES_ERROR;
				GCC_WARN_UNDECLARED_SELECTOR = YES;
				GCC_WARN_UNINITIALIZED_AUTOS = YES_AGGRESSIVE;
				GCC_WARN_UNUSED_FUNCTION = YES;
				GCC_WARN_UNUSED_VARIABLE = YES;
				IPHONEOS_DEPLOYMENT_TARGET = 12.2;
				MTL_ENABLE_DEBUG_INFO = INCLUDE_SOURCE;
				MTL_FAST_MATH = YES;
				ONLY_ACTIVE_ARCH = YES;
				SDKROOT = iphoneos;
			};
			name = Debug;
		};
		70A8BE262272AD8000BCC80C /* Release */ = {
			isa = XCBuildConfiguration;
			buildSettings = {
				ALWAYS_SEARCH_USER_PATHS = NO;
				CLANG_ANALYZER_NONNULL = YES;
				CLANG_ANALYZER_NUMBER_OBJECT_CONVERSION = YES_AGGRESSIVE;
				CLANG_CXX_LANGUAGE_STANDARD = "gnu++14";
				CLANG_CXX_LIBRARY = "libc++";
				CLANG_ENABLE_MODULES = YES;
				CLANG_ENABLE_OBJC_ARC = YES;
				CLANG_ENABLE_OBJC_WEAK = YES;
				CLANG_WARN_BLOCK_CAPTURE_AUTORELEASING = YES;
				CLANG_WARN_BOOL_CONVERSION = YES;
				CLANG_WARN_COMMA = YES;
				CLANG_WARN_CONSTANT_CONVERSION = YES;
				CLANG_WARN_DEPRECATED_OBJC_IMPLEMENTATIONS = YES;
				CLANG_WARN_DIRECT_OBJC_ISA_USAGE = YES_ERROR;
				CLANG_WARN_DOCUMENTATION_COMMENTS = YES;
				CLANG_WARN_EMPTY_BODY = YES;
				CLANG_WARN_ENUM_CONVERSION = YES;
				CLANG_WARN_INFINITE_RECURSION = YES;
				CLANG_WARN_INT_CONVERSION = YES;
				CLANG_WARN_NON_LITERAL_NULL_CONVERSION = YES;
				CLANG_WARN_OBJC_IMPLICIT_RETAIN_SELF = YES;
				CLANG_WARN_OBJC_LITERAL_CONVERSION = YES;
				CLANG_WARN_OBJC_ROOT_CLASS = YES_ERROR;
				CLANG_WARN_RANGE_LOOP_ANALYSIS = YES;
				CLANG_WARN_STRICT_PROTOTYPES = YES;
				CLANG_WARN_SUSPICIOUS_MOVE = YES;
				CLANG_WARN_UNGUARDED_AVAILABILITY = YES_AGGRESSIVE;
				CLANG_WARN_UNREACHABLE_CODE = YES;
				CLANG_WARN__DUPLICATE_METHOD_MATCH = YES;
				CODE_SIGN_IDENTITY = "iPhone Developer";
				COPY_PHASE_STRIP = NO;
				DEBUG_INFORMATION_FORMAT = "dwarf-with-dsym";
				ENABLE_NS_ASSERTIONS = NO;
				ENABLE_STRICT_OBJC_MSGSEND = YES;
				GCC_C_LANGUAGE_STANDARD = gnu11;
				GCC_NO_COMMON_BLOCKS = YES;
				GCC_WARN_64_TO_32_BIT_CONVERSION = YES;
				GCC_WARN_ABOUT_RETURN_TYPE = YES_ERROR;
				GCC_WARN_UNDECLARED_SELECTOR = YES;
				GCC_WARN_UNINITIALIZED_AUTOS = YES_AGGRESSIVE;
				GCC_WARN_UNUSED_FUNCTION = YES;
				GCC_WARN_UNUSED_VARIABLE = YES;
				IPHONEOS_DEPLOYMENT_TARGET = 12.2;
				MTL_ENABLE_DEBUG_INFO = NO;
				MTL_FAST_MATH = YES;
				SDKROOT = iphoneos;
				VALIDATE_PRODUCT = YES;
			};
			name = Release;
		};
		70A8BE282272AD8000BCC80C /* Debug */ = {
			isa = XCBuildConfiguration;
			buildSettings = {
				ASSETCATALOG_COMPILER_APPICON_NAME = AppIcon;
				CODE_SIGN_STYLE = Automatic;
				HEADER_SEARCH_PATHS = "\"$(SRCROOT)/KFEOSTEST/KFEOSSDK/Libraries/include\"";
				INFOPLIST_FILE = KFEOSTEST/Info.plist;
				IPHONEOS_DEPLOYMENT_TARGET = 9.0;
				LD_RUNPATH_SEARCH_PATHS = (
					"$(inherited)",
					"@executable_path/Frameworks",
				);
				PRODUCT_BUNDLE_IDENTIFIER = com.ont.wallet.KFEOSTEST;
				PRODUCT_NAME = "$(TARGET_NAME)";
				SWIFT_OBJC_BRIDGING_HEADER = "KFEOSTEST/KFEOSSDK/Libraries/Bridging-Header.h";
				SWIFT_VERSION = 4.2;
				TARGETED_DEVICE_FAMILY = "1,2";
			};
			name = Debug;
		};
		70A8BE292272AD8000BCC80C /* Release */ = {
			isa = XCBuildConfiguration;
			buildSettings = {
				ASSETCATALOG_COMPILER_APPICON_NAME = AppIcon;
				CODE_SIGN_STYLE = Automatic;
				HEADER_SEARCH_PATHS = "\"$(SRCROOT)/KFEOSTEST/KFEOSSDK/Libraries/include\"";
				INFOPLIST_FILE = KFEOSTEST/Info.plist;
				IPHONEOS_DEPLOYMENT_TARGET = 9.0;
				LD_RUNPATH_SEARCH_PATHS = (
					"$(inherited)",
					"@executable_path/Frameworks",
				);
				PRODUCT_BUNDLE_IDENTIFIER = com.ont.wallet.KFEOSTEST;
				PRODUCT_NAME = "$(TARGET_NAME)";
				SWIFT_OBJC_BRIDGING_HEADER = "KFEOSTEST/KFEOSSDK/Libraries/Bridging-Header.h";
				SWIFT_VERSION = 4.2;
				TARGETED_DEVICE_FAMILY = "1,2";
			};
			name = Release;
		};
/* End XCBuildConfiguration section */

/* Begin XCConfigurationList section */
		70A8BE0C2272AD7E00BCC80C /* Build configuration list for PBXProject "KFEOSTEST" */ = {
			isa = XCConfigurationList;
			buildConfigurations = (
				70A8BE252272AD8000BCC80C /* Debug */,
				70A8BE262272AD8000BCC80C /* Release */,
			);
			defaultConfigurationIsVisible = 0;
			defaultConfigurationName = Release;
		};
		70A8BE272272AD8000BCC80C /* Build configuration list for PBXNativeTarget "KFEOSTEST" */ = {
			isa = XCConfigurationList;
			buildConfigurations = (
				70A8BE282272AD8000BCC80C /* Debug */,
				70A8BE292272AD8000BCC80C /* Release */,
			);
			defaultConfigurationIsVisible = 0;
			defaultConfigurationName = Release;
		};
/* End XCConfigurationList section */
	};
	rootObject = 70A8BE092272AD7E00BCC80C /* Project object */;
}
